
Microsoft Visual Studio Solution File, Format Version 12.00
# Visual Studio Version 17
VisualStudioVersion = 17.13.35825.156 d17.13
MinimumVisualStudioVersion = 10.0.40219.1
Project("{FAE04EC0-301F-11D3-BF4B-00C04F79EFBC}") = "HospitalManagementSystem", "HospitalManagementSystem.csproj", "{6F79095C-46BA-4343-B8F4-528C25D0A497}"
EndProject
Global
	GlobalSection(SolutionConfigurationPlatforms) = preSolution
		Debug|Any CPU = Debug|Any CPU
		Release|Any CPU = Release|Any CPU
	EndGlobalSection
	GlobalSection(ProjectConfigurationPlatforms) = postSolution
		{6F79095C-46BA-4343-B8F4-528C25D0A497}.Debug|Any CPU.ActiveCfg = Debug|Any CPU
		{6F79095C-46BA-4343-B8F4-528C25D0A497}.Debug|Any CPU.Build.0 = Debug|Any CPU
		{6F79095C-46BA-4343-B8F4-528C25D0A497}.Release|Any CPU.ActiveCfg = Release|Any CPU
		{6F79095C-46BA-4343-B8F4-528C25D0A497}.Release|Any CPU.Build.0 = Release|Any CPU
	EndGlobalSection
	GlobalSection(SolutionProperties) = preSolution
		HideSolutionNode = FALSE
	EndGlobalSection
	GlobalSection(ExtensibilityGlobals) = postSolution
		SolutionGuid = {F8D02221-42E1-403A-BA73-D00A5AEA85FA}
	EndGlobalSection
EndGlobal
